
Microsoft Visual Studio Solution File, Format Version 12.00
# Visual Studio 15
VisualStudioVersion = 15.0.28307.168
MinimumVisualStudioVersion = 10.0.40219.1
Project("{FAE04EC0-301F-11D3-BF4B-00C04F79EFBC}") = "ClipRestore", "ClipRestore\ClipRestore.csproj", "{C1DC04F9-67FB-44F5-BD5E-56D4100E616B}"
EndProject
Global
	GlobalSection(SolutionConfigurationPlatforms) = preSolution
		Debug|Any CPU = Debug|Any CPU
		Release|Any CPU = Release|Any CPU
	EndGlobalSection
	GlobalSection(ProjectConfigurationPlatforms) = postSolution
		{C1DC04F9-67FB-44F5-BD5E-56D4100E616B}.Debug|Any CPU.ActiveCfg = Debug|Any CPU
		{C1DC04F9-67FB-44F5-BD5E-56D4100E616B}.Debug|Any CPU.Build.0 = Debug|Any CPU
		{C1DC04F9-67FB-44F5-BD5E-56D4100E616B}.Release|Any CPU.ActiveCfg = Release|Any CPU
		{C1DC04F9-67FB-44F5-BD5E-56D4100E616B}.Release|Any CPU.Build.0 = Release|Any CPU
	EndGlobalSection
	GlobalSection(SolutionProperties) = preSolution
		HideSolutionNode = FALSE
	EndGlobalSection
	GlobalSection(ExtensibilityGlobals) = postSolution
		SolutionGuid = {EB4BA62B-EB28-4C8A-88BF-AE791A7218CA}
	EndGlobalSection
EndGlobal
